
Microsoft Visual Studio Solution File, Format Version 12.00
# Visual Studio Version 16
VisualStudioVersion = 16.0.30011.22
MinimumVisualStudioVersion = 10.0.40219.1
Project("{FAE04EC0-301F-11D3-BF4B-00C04F79EFBC}") = "Calibration", "Calibration\Calibration.csproj", "{B515CAF0-610A-4B58-82E9-40AEC0973DCC}"
EndProject
Global
	GlobalSection(SolutionConfigurationPlatforms) = preSolution
		Debug|Any CPU = Debug|Any CPU
		Release|Any CPU = Release|Any CPU
	EndGlobalSection
	GlobalSection(ProjectConfigurationPlatforms) = postSolution
		{B515CAF0-610A-4B58-82E9-40AEC0973DCC}.Debug|Any CPU.ActiveCfg = Debug|Any CPU
		{B515CAF0-610A-4B58-82E9-40AEC0973DCC}.Debug|Any CPU.Build.0 = Debug|Any CPU
		{B515CAF0-610A-4B58-82E9-40AEC0973DCC}.Release|Any CPU.ActiveCfg = Release|Any CPU
		{B515CAF0-610A-4B58-82E9-40AEC0973DCC}.Release|Any CPU.Build.0 = Release|Any CPU
	EndGlobalSection
	GlobalSection(SolutionProperties) = preSolution
		HideSolutionNode = FALSE
	EndGlobalSection
	GlobalSection(ExtensibilityGlobals) = postSolution
		SolutionGuid = {DFEF00C8-BF4D-4C79-822B-ADF8A9AF0C41}
	EndGlobalSection
EndGlobal
